
Microsoft Visual Studio Solution File, Format Version 12.00
# Visual Studio 2013
VisualStudioVersion = 12.0.40629.0
MinimumVisualStudioVersion = 10.0.40219.1
Project("{FAE04EC0-301F-11D3-BF4B-00C04F79EFBC}") = "TransactionParser", "TransactionParser\TransactionParser.csproj", "{93BCD0FE-8FCA-4667-BCC9-DA45EE40BB1B}"
EndProject
Project("{FAE04EC0-301F-11D3-BF4B-00C04F79EFBC}") = "TransactionParserTests", "TransactionParserTests\TransactionParserTests.csproj", "{24176F01-9E3F-407D-A431-DDF02776E3B7}"
EndProject
Project("{FAE04EC0-301F-11D3-BF4B-00C04F79EFBC}") = "ParserConfiguration", "ParserConfiguration\ParserConfiguration.csproj", "{E3540342-C482-412C-A9AF-CBF61CA4FF85}"
EndProject
Global
	GlobalSection(SolutionConfigurationPlatforms) = preSolution
		Debug|Any CPU = Debug|Any CPU
		Debug|ARM = Debug|ARM
		Debug|x64 = Debug|x64
		Debug|x86 = Debug|x86
		Release|Any CPU = Release|Any CPU
		Release|ARM = Release|ARM
		Release|x64 = Release|x64
		Release|x86 = Release|x86
	EndGlobalSection
	GlobalSection(ProjectConfigurationPlatforms) = postSolution
		{93BCD0FE-8FCA-4667-BCC9-DA45EE40BB1B}.Debug|Any CPU.ActiveCfg = Debug|Any CPU
		{93BCD0FE-8FCA-4667-BCC9-DA45EE40BB1B}.Debug|Any CPU.Build.0 = Debug|Any CPU
		{93BCD0FE-8FCA-4667-BCC9-DA45EE40BB1B}.Debug|ARM.ActiveCfg = Debug|Any CPU
		{93BCD0FE-8FCA-4667-BCC9-DA45EE40BB1B}.Debug|x64.ActiveCfg = Debug|Any CPU
		{93BCD0FE-8FCA-4667-BCC9-DA45EE40BB1B}.Debug|x86.ActiveCfg = Debug|Any CPU
		{93BCD0FE-8FCA-4667-BCC9-DA45EE40BB1B}.Release|Any CPU.ActiveCfg = Release|Any CPU
		{93BCD0FE-8FCA-4667-BCC9-DA45EE40BB1B}.Release|Any CPU.Build.0 = Release|Any CPU
		{93BCD0FE-8FCA-4667-BCC9-DA45EE40BB1B}.Release|ARM.ActiveCfg = Release|Any CPU
		{93BCD0FE-8FCA-4667-BCC9-DA45EE40BB1B}.Release|x64.ActiveCfg = Release|Any CPU
		{93BCD0FE-8FCA-4667-BCC9-DA45EE40BB1B}.Release|x86.ActiveCfg = Release|Any CPU
		{24176F01-9E3F-407D-A431-DDF02776E3B7}.Debug|Any CPU.ActiveCfg = Debug|Any CPU
		{24176F01-9E3F-407D-A431-DDF02776E3B7}.Debug|Any CPU.Build.0 = Debug|Any CPU
		{24176F01-9E3F-407D-A431-DDF02776E3B7}.Debug|ARM.ActiveCfg = Debug|Any CPU
		{24176F01-9E3F-407D-A431-DDF02776E3B7}.Debug|x64.ActiveCfg = Debug|Any CPU
		{24176F01-9E3F-407D-A431-DDF02776E3B7}.Debug|x86.ActiveCfg = Debug|Any CPU
		{24176F01-9E3F-407D-A431-DDF02776E3B7}.Release|Any CPU.ActiveCfg = Release|Any CPU
		{24176F01-9E3F-407D-A431-DDF02776E3B7}.Release|Any CPU.Build.0 = Release|Any CPU
		{24176F01-9E3F-407D-A431-DDF02776E3B7}.Release|ARM.ActiveCfg = Release|Any CPU
		{24176F01-9E3F-407D-A431-DDF02776E3B7}.Release|x64.ActiveCfg = Release|Any CPU
		{24176F01-9E3F-407D-A431-DDF02776E3B7}.Release|x86.ActiveCfg = Release|Any CPU
		{E3540342-C482-412C-A9AF-CBF61CA4FF85}.Debug|Any CPU.ActiveCfg = Debug|Any CPU
		{E3540342-C482-412C-A9AF-CBF61CA4FF85}.Debug|Any CPU.Build.0 = Debug|Any CPU
		{E3540342-C482-412C-A9AF-CBF61CA4FF85}.Debug|ARM.ActiveCfg = Debug|Any CPU
		{E3540342-C482-412C-A9AF-CBF61CA4FF85}.Debug|x64.ActiveCfg = Debug|Any CPU
		{E3540342-C482-412C-A9AF-CBF61CA4FF85}.Debug|x86.ActiveCfg = Debug|Any CPU
		{E3540342-C482-412C-A9AF-CBF61CA4FF85}.Release|Any CPU.ActiveCfg = Release|Any CPU
		{E3540342-C482-412C-A9AF-CBF61CA4FF85}.Release|Any CPU.Build.0 = Release|Any CPU
		{E3540342-C482-412C-A9AF-CBF61CA4FF85}.Release|ARM.ActiveCfg = Release|Any CPU
		{E3540342-C482-412C-A9AF-CBF61CA4FF85}.Release|x64.ActiveCfg = Release|Any CPU
		{E3540342-C482-412C-A9AF-CBF61CA4FF85}.Release|x86.ActiveCfg = Release|Any CPU
	EndGlobalSection
	GlobalSection(SolutionProperties) = preSolution
		HideSolutionNode = FALSE
	EndGlobalSection
EndGlobal
